
Microsoft Visual Studio Solution File, Format Version 11.00
# Visual Studio 2010
Project("{FAE04EC0-301F-11D3-BF4B-00C04F79EFBC}") = "VR-Periodic", "Assembly-CSharp.csproj", "{4EA19F38-6B69-3CD0-9270-994DCC9989AD}"
EndProject
Project("{FAE04EC0-301F-11D3-BF4B-00C04F79EFBC}") = "VR-Periodic", "Assembly-CSharp-Editor.csproj", "{7BCD9B84-0AE2-C0CD-1E3C-91AACAE2F071}"
EndProject
Global
	GlobalSection(SolutionConfigurationPlatforms) = preSolution
		Debug|Any CPU = Debug|Any CPU
		Release|Any CPU = Release|Any CPU
	EndGlobalSection
	GlobalSection(ProjectConfigurationPlatforms) = postSolution
		{4EA19F38-6B69-3CD0-9270-994DCC9989AD}.Debug|Any CPU.ActiveCfg = Debug|Any CPU
		{4EA19F38-6B69-3CD0-9270-994DCC9989AD}.Debug|Any CPU.Build.0 = Debug|Any CPU
		{4EA19F38-6B69-3CD0-9270-994DCC9989AD}.Release|Any CPU.ActiveCfg = Release|Any CPU
		{4EA19F38-6B69-3CD0-9270-994DCC9989AD}.Release|Any CPU.Build.0 = Release|Any CPU
		{7BCD9B84-0AE2-C0CD-1E3C-91AACAE2F071}.Debug|Any CPU.ActiveCfg = Debug|Any CPU
		{7BCD9B84-0AE2-C0CD-1E3C-91AACAE2F071}.Debug|Any CPU.Build.0 = Debug|Any CPU
		{7BCD9B84-0AE2-C0CD-1E3C-91AACAE2F071}.Release|Any CPU.ActiveCfg = Release|Any CPU
		{7BCD9B84-0AE2-C0CD-1E3C-91AACAE2F071}.Release|Any CPU.Build.0 = Release|Any CPU
	EndGlobalSection
	GlobalSection(SolutionProperties) = preSolution
		HideSolutionNode = FALSE
	EndGlobalSection
	GlobalSection(MonoDevelopProperties) = preSolution
		StartupItem = Assembly-CSharp.csproj
	EndGlobalSection
EndGlobal
